PODS:
  - Alamofire (4.7.0)
  - CryptoSwift (0.9.0)
  - GoogleMaps (2.5.0):
    - GoogleMaps/Maps (= 2.5.0)
  - GoogleMaps/Base (2.5.0)
  - GoogleMaps/Maps (2.5.0):
    - GoogleMaps/Base
  - GooglePlacePicker (2.5.0):
    - GoogleMaps (= 2.5.0)
    - GooglePlaces (= 2.5.0)
  - GooglePlaces (2.5.0):
    - GoogleMaps/Base (= 2.5.0)
  - Mockingjay (2.0.1):
    - Mockingjay/Core (= 2.0.1)
    - Mockingjay/XCTest (= 2.0.1)
  - Mockingjay/Core (2.0.1):
    - URITemplate (~> 2.0)
  - Mockingjay/XCTest (2.0.1):
    - Mockingjay/Core
  - Nimble (7.0.3)
  - PGModelViewController (0.1.2)
  - Quick (1.2.0)
  - RxAlamofire (4.1.0):
    - RxAlamofire/Core (= 4.1.0)
  - RxAlamofire/Core (4.1.0):
    - Alamofire (~> 4.5)
    - RxSwift (~> 4.0)
  - RxCocoa (4.1.2):
    - RxSwift (~> 4.0)
  - RxSwift (4.1.2)
  - SwiftyJSON (4.0.0)
  - Swinject (2.2.0)
  - SwinjectStoryboard (1.1.2):
    - Swinject (~> 2.1)
  - URITemplate (2.0.3)

DEPENDENCIES:
  - Alamofire (~> 4.7)
  - CryptoSwift
  - GoogleMaps
  - GooglePlacePicker
  - GooglePlaces
  - Mockingjay
  - Nimble
  - PGModelViewController
  - Quick
  - RxAlamofire
  - RxCocoa (~> 4.0)
  - RxSwift (~> 4.0)
  - SwiftyJSON
  - Swinject
  - SwinjectStoryboard

SPEC REPOS:
  https://github.com/CocoaPods/Specs.git:
    - Alamofire
    - CryptoSwift
    - GoogleMaps
    - GooglePlacePicker
    - GooglePlaces
    - Mockingjay
    - Nimble
    - PGModelViewController
    - Quick
    - RxAlamofire
    - RxCocoa
    - RxSwift
    - SwiftyJSON
    - Swinject
    - SwinjectStoryboard
    - URITemplate

SPEC CHECKSUMS:
  Alamofire: 907e0a98eb68cdb7f9d1f541a563d6ac5dc77b25
  CryptoSwift: bca8c5b653dcc2d9734409242a070ff53bafac86
  GoogleMaps: c087b8e5dfe87ca6ebf59adb9b4894a4146bec4f
  GooglePlacePicker: 1573e644ab54564d95c2643edc0f29091609e966
  GooglePlaces: dd70d9d71ea1c7944846afe67de3712c99b30a77
  Mockingjay: 11a621880d2887f1775bdcf824341eb68f218450
  Nimble: 7f5a9c447a33002645a071bddafbfb24ea70e0ac
  PGModelViewController: 63023044e25849f79f3475b7a13aa78dfea69c35
  Quick: 58d203b1c5e27fff7229c4c1ae445ad7069a7a08
  RxAlamofire: 96a2bff4694a1609bb59c57b53d99ea7a0ddc64a
  RxCocoa: d88ba0f1f6abf040011a9eb4b539324fc426843a
  RxSwift: e49536837d9901277638493ea537394d4b55f570
  SwiftyJSON: 070dabdcb1beb81b247c65ffa3a79dbbfb3b48aa
  Swinject: 4ca48bca7de5f398229a26abe1ac902b9f3ee541
  SwinjectStoryboard: 92e75763c3299cdf627bef98a5180dc894864336
  URITemplate: ace0c4c46dcf8afe6e89b4060621852886b15c3b

PODFILE CHECKSUM: bf32742b34a37e2bafaaaaab536c13f5342689fa

COCOAPODS: 1.5.0
