// !$*UTF8*$!
{
	archiveVersion = 1;
	classes = {
	};
	objectVersion = 48;
	objects = {

/* Begin PBXBuildFile section */
		008BBB4E9E03B2D141685EE7 /* Pods_LetsDoThis_LetsDoThisUITests.framework in Frameworks */ = {isa = PBXBuildFile; fileRef = 7B015BA03B2A697F1D5685CD /* Pods_LetsDoThis_LetsDoThisUITests.framework */; };
		0B8B37C75FE442AA081BFA75 /* Pods_LetsDoThisUITests.framework in Frameworks */ = {isa = PBXBuildFile; fileRef = 8346540E63892C9C219F44B6 /* Pods_LetsDoThisUITests.framework */; };
		838084D3BAA60E91DBA1ED56 /* Pods_LetsDoThis.framework in Frameworks */ = {isa = PBXBuildFile; fileRef = B39F8BC029C19E6A6DABFFE0 /* Pods_LetsDoThis.framework */; };
		857C433AB3F595648DB6DB36 /* Pods_LetsDoThisTests.framework in Frameworks */ = {isa = PBXBuildFile; fileRef = 70ECA5BF7863FEA69CBE2209 /* Pods_LetsDoThisTests.framework */; };
		960B4A9E205B67800054D30F /* CoreDataContainer.swift in Sources */ = {isa = PBXBuildFile; fileRef = 960B4A9D205B67800054D30F /* CoreDataContainer.swift */; };
		96205DF820588D1100AA9996 /* AppDelegate.swift in Sources */ = {isa = PBXBuildFile; fileRef = 96205DF720588D1100AA9996 /* AppDelegate.swift */; };
		96205DFD20588D1100AA9996 /* Main.storyboard in Resources */ = {isa = PBXBuildFile; fileRef = 96205DFB20588D1100AA9996 /* Main.storyboard */; };
		96205E0020588D1100AA9996 /* LetsDoThis.xcdatamodeld in Sources */ = {isa = PBXBuildFile; fileRef = 96205DFE20588D1100AA9996 /* LetsDoThis.xcdatamodeld */; };
		96205E0220588D1100AA9996 /* Assets.xcassets in Resources */ = {isa = PBXBuildFile; fileRef = 96205E0120588D1100AA9996 /* Assets.xcassets */; };
		96205E0520588D1100AA9996 /* LaunchScreen.storyboard in Resources */ = {isa = PBXBuildFile; fileRef = 96205E0320588D1100AA9996 /* LaunchScreen.storyboard */; };
		96205E1020588D1100AA9996 /* LetsDoThisTests.swift in Sources */ = {isa = PBXBuildFile; fileRef = 96205E0F20588D1100AA9996 /* LetsDoThisTests.swift */; };
		96205E1B20588D1100AA9996 /* LetsDoThisUITests.swift in Sources */ = {isa = PBXBuildFile; fileRef = 96205E1A20588D1100AA9996 /* LetsDoThisUITests.swift */; };
		96205E292058A56A00AA9996 /* Login.swift in Sources */ = {isa = PBXBuildFile; fileRef = 96205E282058A56A00AA9996 /* Login.swift */; };
		96205E2A2058A63600AA9996 /* Quick.framework in Frameworks */ = {isa = PBXBuildFile; fileRef = 96205E2B2058A63600AA9996 /* Quick.framework */; };
		96205E2C2058A64600AA9996 /* Nimble.framework in Frameworks */ = {isa = PBXBuildFile; fileRef = 96205E2D2058A64600AA9996 /* Nimble.framework */; };
		96205E312058AF9600AA9996 /* LoginManager.swift in Sources */ = {isa = PBXBuildFile; fileRef = 96205E302058AF9600AA9996 /* LoginManager.swift */; };
		96234EAD206B3C660095BD8A /* activity-type.json in Resources */ = {isa = PBXBuildFile; fileRef = 96234EAC206B3C660095BD8A /* activity-type.json */; };
		96234EAF206B3F5D0095BD8A /* ActivityTypeVCPresenterImplementationTests.swift in Sources */ = {isa = PBXBuildFile; fileRef = 96234EAE206B3F5D0095BD8A /* ActivityTypeVCPresenterImplementationTests.swift */; };
		962E7FE52072F84900F775CC /* ActivityTypeCVFlowLayout.swift in Sources */ = {isa = PBXBuildFile; fileRef = 962E7FE42072F84900F775CC /* ActivityTypeCVFlowLayout.swift */; };
		963971402069BC3300EFEC65 /* ActivityTypeModel.swift in Sources */ = {isa = PBXBuildFile; fileRef = 9639713F2069BC3300EFEC65 /* ActivityTypeModel.swift */; };
		963971422069CF0300EFEC65 /* TestActivityTypeModelImplementation.swift in Sources */ = {isa = PBXBuildFile; fileRef = 963971412069CF0300EFEC65 /* TestActivityTypeModelImplementation.swift */; };
		963971462069D61600EFEC65 /* ActivityTypeVCPresenter.swift in Sources */ = {isa = PBXBuildFile; fileRef = 963971452069D61600EFEC65 /* ActivityTypeVCPresenter.swift */; };
		963971482069DED900EFEC65 /* ActivityTypeDTO.swift in Sources */ = {isa = PBXBuildFile; fileRef = 963971472069DED900EFEC65 /* ActivityTypeDTO.swift */; };
		9639714A2069EB2400EFEC65 /* ActivityTypeTranslationLayer.swift in Sources */ = {isa = PBXBuildFile; fileRef = 963971492069EB2400EFEC65 /* ActivityTypeTranslationLayer.swift */; };
		9639714C2069F4EA00EFEC65 /* TestActivityTypeTranslationLayer.swift in Sources */ = {isa = PBXBuildFile; fileRef = 9639714B2069F4EA00EFEC65 /* TestActivityTypeTranslationLayer.swift */; };
		9668FAF8205CCFFE002AA9AA /* CoreData.swift in Sources */ = {isa = PBXBuildFile; fileRef = 9668FAF7205CCFFE002AA9AA /* CoreData.swift */; };
		9668FB10205CDB62002AA9AA /* UserMO+CoreDataClass.swift in Sources */ = {isa = PBXBuildFile; fileRef = 9668FB0E205CDB62002AA9AA /* UserMO+CoreDataClass.swift */; };
		9668FB11205CDB62002AA9AA /* UserMO+CoreDataProperties.swift in Sources */ = {isa = PBXBuildFile; fileRef = 9668FB0F205CDB62002AA9AA /* UserMO+CoreDataProperties.swift */; };
		9668FB13205CE164002AA9AA /* UserTranslationLayer.swift in Sources */ = {isa = PBXBuildFile; fileRef = 9668FB12205CE164002AA9AA /* UserTranslationLayer.swift */; };
		9668FB15205CE208002AA9AA /* UserDTO.swift in Sources */ = {isa = PBXBuildFile; fileRef = 9668FB14205CE208002AA9AA /* UserDTO.swift */; };
		9668FB17205CE3C6002AA9AA /* TranslationLayer.swift in Sources */ = {isa = PBXBuildFile; fileRef = 9668FB16205CE3C6002AA9AA /* TranslationLayer.swift */; };
		96AF7056205F15F300B3ED4A /* Utilities.swift in Sources */ = {isa = PBXBuildFile; fileRef = 96AF7055205F15F300B3ED4A /* Utilities.swift */; };
		96B9BA04205A167E007A1027 /* DependencyRegistry.swift in Sources */ = {isa = PBXBuildFile; fileRef = 96B9BA03205A167E007A1027 /* DependencyRegistry.swift */; };
		96B9BA08205A3058007A1027 /* UserModel.swift in Sources */ = {isa = PBXBuildFile; fileRef = 96B9BA07205A3058007A1027 /* UserModel.swift */; };
		96C0207820630703002BC42C /* TestUserPresenter.swift in Sources */ = {isa = PBXBuildFile; fileRef = 96C0207720630703002BC42C /* TestUserPresenter.swift */; };
		96C0207B20630888002BC42C /* Aliases.swift in Sources */ = {isa = PBXBuildFile; fileRef = 96C0207A20630888002BC42C /* Aliases.swift */; };
		96E97C5F2065FC41006150EF /* SwinjectStoryboard+Extension.swift in Sources */ = {isa = PBXBuildFile; fileRef = 96E97C5E2065FC41006150EF /* SwinjectStoryboard+Extension.swift */; };
		96E97C622066129E006150EF /* ActivityTypeCVCell.swift in Sources */ = {isa = PBXBuildFile; fileRef = 96E97C612066129E006150EF /* ActivityTypeCVCell.swift */; };
		96E97C6420661BEF006150EF /* ActivityTypeVC.swift in Sources */ = {isa = PBXBuildFile; fileRef = 96E97C6320661BEF006150EF /* ActivityTypeVC.swift */; };
		96EB0B122061BA2300B0E48F /* UserModel.swift in Sources */ = {isa = PBXBuildFile; fileRef = 96EB0B112061BA2300B0E48F /* UserModel.swift */; };
		96EB0B152061E91700B0E48F /* UserPresenter.swift in Sources */ = {isa = PBXBuildFile; fileRef = 96EB0B142061E91700B0E48F /* UserPresenter.swift */; };
		96EB0B172062088A00B0E48F /* GlobalVariables.swift in Sources */ = {isa = PBXBuildFile; fileRef = 96EB0B162062088A00B0E48F /* GlobalVariables.swift */; };
		96EB0B192062093800B0E48F /* TestVariables.swift in Sources */ = {isa = PBXBuildFile; fileRef = 96EB0B182062093800B0E48F /* TestVariables.swift */; };
		96EB0B1C206212E600B0E48F /* ValidationTextField.swift in Sources */ = {isa = PBXBuildFile; fileRef = 96EB0B1B206212E600B0E48F /* ValidationTextField.swift */; };
		96EED628206C51DB00C15B53 /* ActivityTypeCVCellPresenter.swift in Sources */ = {isa = PBXBuildFile; fileRef = 96EED627206C51DB00C15B53 /* ActivityTypeCVCellPresenter.swift */; };
		96EED62B206C632F00C15B53 /* GooglePlacesAPIManager.swift in Sources */ = {isa = PBXBuildFile; fileRef = 96EED62A206C632F00C15B53 /* GooglePlacesAPIManager.swift */; };
		96EED62E206C709000C15B53 /* GooglePlacesAPIManagerImplementationTests.swift in Sources */ = {isa = PBXBuildFile; fileRef = 96EED62D206C709000C15B53 /* GooglePlacesAPIManagerImplementationTests.swift */; };
		EEE67B3888F21EE2E0779377 /* Pods_LetsDoThis_LetsDoThisTests.framework in Frameworks */ = {isa = PBXBuildFile; fileRef = 34DC1E756D2613382402B2D5 /* Pods_LetsDoThis_LetsDoThisTests.framework */; };
/* End PBXBuildFile section */

/* Begin PBXContainerItemProxy section */
		96205E0C20588D1100AA9996 /* PBXContainerItemProxy */ = {
			isa = PBXContainerItemProxy;
			containerPortal = 96205DEC20588D1100AA9996 /* Project object */;
			proxyType = 1;
			remoteGlobalIDString = 96205DF320588D1100AA9996;
			remoteInfo = LetsDoThis;
		};
		96205E1720588D1100AA9996 /* PBXContainerItemProxy */ = {
			isa = PBXContainerItemProxy;
			containerPortal = 96205DEC20588D1100AA9996 /* Project object */;
			proxyType = 1;
			remoteGlobalIDString = 96205DF320588D1100AA9996;
			remoteInfo = LetsDoThis;
		};
/* End PBXContainerItemProxy section */

/* Begin PBXFileReference section */
		273B18F05C58F70758B7F266 /* Pods-LetsDoThis.release.xcconfig */ = {isa = PBXFileReference; includeInIndex = 1; lastKnownFileType = text.xcconfig; name = "Pods-LetsDoThis.release.xcconfig"; path = "Pods/Target Support Files/Pods-LetsDoThis/Pods-LetsDoThis.release.xcconfig"; sourceTree = "<group>"; };
		330F17424021A45B25CE297F /* Pods-LetsDoThis-LetsDoThisUITests.release.xcconfig */ = {isa = PBXFileReference; includeInIndex = 1; lastKnownFileType = text.xcconfig; name = "Pods-LetsDoThis-LetsDoThisUITests.release.xcconfig"; path = "Pods/Target Support Files/Pods-LetsDoThis-LetsDoThisUITests/Pods-LetsDoThis-LetsDoThisUITests.release.xcconfig"; sourceTree = "<group>"; };
		34DC1E756D2613382402B2D5 /* Pods_LetsDoThis_LetsDoThisTests.framework */ = {isa = PBXFileReference; explicitFileType = wrapper.framework; includeInIndex = 0; path = Pods_LetsDoThis_LetsDoThisTests.framework; sourceTree = BUILT_PRODUCTS_DIR; };
		36AA271A7FCBACC15C508D57 /* Pods-LetsDoThis-LetsDoThisUITests.debug.xcconfig */ = {isa = PBXFileReference; includeInIndex = 1; lastKnownFileType = text.xcconfig; name = "Pods-LetsDoThis-LetsDoThisUITests.debug.xcconfig"; path = "Pods/Target Support Files/Pods-LetsDoThis-LetsDoThisUITests/Pods-LetsDoThis-LetsDoThisUITests.debug.xcconfig"; sourceTree = "<group>"; };
		3F3ECEA29E2CA4957F61ACAD /* Pods-LetsDoThisTests.debug.xcconfig */ = {isa = PBXFileReference; includeInIndex = 1; lastKnownFileType = text.xcconfig; name = "Pods-LetsDoThisTests.debug.xcconfig"; path = "Pods/Target Support Files/Pods-LetsDoThisTests/Pods-LetsDoThisTests.debug.xcconfig"; sourceTree = "<group>"; };
		4E5A7DE98971714110A12E46 /* Pods-LetsDoThisUITests.debug.xcconfig */ = {isa = PBXFileReference; includeInIndex = 1; lastKnownFileType = text.xcconfig; name = "Pods-LetsDoThisUITests.debug.xcconfig"; path = "Pods/Target Support Files/Pods-LetsDoThisUITests/Pods-LetsDoThisUITests.debug.xcconfig"; sourceTree = "<group>"; };
		69E9E8C58A0D8276ED20474C /* Pods-LetsDoThisTests.release.xcconfig */ = {isa = PBXFileReference; includeInIndex = 1; lastKnownFileType = text.xcconfig; name = "Pods-LetsDoThisTests.release.xcconfig"; path = "Pods/Target Support Files/Pods-LetsDoThisTests/Pods-LetsDoThisTests.release.xcconfig"; sourceTree = "<group>"; };
		70ECA5BF7863FEA69CBE2209 /* Pods_LetsDoThisTests.framework */ = {isa = PBXFileReference; explicitFileType = wrapper.framework; includeInIndex = 0; path = Pods_LetsDoThisTests.framework; sourceTree = BUILT_PRODUCTS_DIR; };
		7B015BA03B2A697F1D5685CD /* Pods_LetsDoThis_LetsDoThisUITests.framework */ = {isa = PBXFileReference; explicitFileType = wrapper.framework; includeInIndex = 0; path = Pods_LetsDoThis_LetsDoThisUITests.framework; sourceTree = BUILT_PRODUCTS_DIR; };
		824E24A9857A9EFEBCFD80D9 /* Pods-LetsDoThis-LetsDoThisTests.release.xcconfig */ = {isa = PBXFileReference; includeInIndex = 1; lastKnownFileType = text.xcconfig; name = "Pods-LetsDoThis-LetsDoThisTests.release.xcconfig"; path = "Pods/Target Support Files/Pods-LetsDoThis-LetsDoThisTests/Pods-LetsDoThis-LetsDoThisTests.release.xcconfig"; sourceTree = "<group>"; };
		8346540E63892C9C219F44B6 /* Pods_LetsDoThisUITests.framework */ = {isa = PBXFileReference; explicitFileType = wrapper.framework; includeInIndex = 0; path = Pods_LetsDoThisUITests.framework; sourceTree = BUILT_PRODUCTS_DIR; };
		960B4A9D205B67800054D30F /* CoreDataContainer.swift */ = {isa = PBXFileReference; lastKnownFileType = sourcecode.swift; path = CoreDataContainer.swift; sourceTree = "<group>"; };
		96205DF420588D1100AA9996 /* LetsDoThis.app */ = {isa = PBXFileReference; explicitFileType = wrapper.application; includeInIndex = 0; path = LetsDoThis.app; sourceTree = BUILT_PRODUCTS_DIR; };
		96205DF720588D1100AA9996 /* AppDelegate.swift */ = {isa = PBXFileReference; lastKnownFileType = sourcecode.swift; path = AppDelegate.swift; sourceTree = "<group>"; };
		96205DFC20588D1100AA9996 /* Base */ = {isa = PBXFileReference; lastKnownFileType = file.storyboard; name = Base; path = Base.lproj/Main.storyboard; sourceTree = "<group>"; };
		96205DFF20588D1100AA9996 /* LetsDoThis.xcdatamodel */ = {isa = PBXFileReference; lastKnownFileType = wrapper.xcdatamodel; path = LetsDoThis.xcdatamodel; sourceTree = "<group>"; };
		96205E0120588D1100AA9996 /* Assets.xcassets */ = {isa = PBXFileReference; lastKnownFileType = folder.assetcatalog; path = Assets.xcassets; sourceTree = "<group>"; };
		96205E0420588D1100AA9996 /* Base */ = {isa = PBXFileReference; lastKnownFileType = file.storyboard; name = Base; path = Base.lproj/LaunchScreen.storyboard; sourceTree = "<group>"; };
		96205E0620588D1100AA9996 /* Info.plist */ = {isa = PBXFileReference; lastKnownFileType = text.plist.xml; path = Info.plist; sourceTree = "<group>"; };
		96205E0B20588D1100AA9996 /* LetsDoThisTests.xctest */ = {isa = PBXFileReference; explicitFileType = wrapper.cfbundle; includeInIndex = 0; path = LetsDoThisTests.xctest; sourceTree = BUILT_PRODUCTS_DIR; };
		96205E0F20588D1100AA9996 /* LetsDoThisTests.swift */ = {isa = PBXFileReference; lastKnownFileType = sourcecode.swift; path = LetsDoThisTests.swift; sourceTree = "<group>"; };
		96205E1120588D1100AA9996 /* Info.plist */ = {isa = PBXFileReference; lastKnownFileType = text.plist.xml; path = Info.plist; sourceTree = "<group>"; };
		96205E1620588D1100AA9996 /* LetsDoThisUITests.xctest */ = {isa = PBXFileReference; explicitFileType = wrapper.cfbundle; includeInIndex = 0; path = LetsDoThisUITests.xctest; sourceTree = BUILT_PRODUCTS_DIR; };
		96205E1A20588D1100AA9996 /* LetsDoThisUITests.swift */ = {isa = PBXFileReference; lastKnownFileType = sourcecode.swift; path = LetsDoThisUITests.swift; sourceTree = "<group>"; };
		96205E1C20588D1100AA9996 /* Info.plist */ = {isa = PBXFileReference; lastKnownFileType = text.plist.xml; path = Info.plist; sourceTree = "<group>"; };
		96205E282058A56A00AA9996 /* Login.swift */ = {isa = PBXFileReference; lastKnownFileType = sourcecode.swift; path = Login.swift; sourceTree = "<group>"; };
		96205E2B2058A63600AA9996 /* Quick.framework */ = {isa = PBXFileReference; explicitFileType = wrapper.framework; path = Quick.framework; sourceTree = BUILT_PRODUCTS_DIR; };
		96205E2D2058A64600AA9996 /* Nimble.framework */ = {isa = PBXFileReference; explicitFileType = wrapper.framework; path = Nimble.framework; sourceTree = BUILT_PRODUCTS_DIR; };
		96205E302058AF9600AA9996 /* LoginManager.swift */ = {isa = PBXFileReference; lastKnownFileType = sourcecode.swift; path = LoginManager.swift; sourceTree = "<group>"; };
		96234EAC206B3C660095BD8A /* activity-type.json */ = {isa = PBXFileReference; fileEncoding = 4; lastKnownFileType = text.json; path = "activity-type.json"; sourceTree = "<group>"; };
		96234EAE206B3F5D0095BD8A /* ActivityTypeVCPresenterImplementationTests.swift */ = {isa = PBXFileReference; lastKnownFileType = sourcecode.swift; path = ActivityTypeVCPresenterImplementationTests.swift; sourceTree = "<group>"; };
		962E7FE42072F84900F775CC /* ActivityTypeCVFlowLayout.swift */ = {isa = PBXFileReference; lastKnownFileType = sourcecode.swift; path = ActivityTypeCVFlowLayout.swift; sourceTree = "<group>"; };
		9639713F2069BC3300EFEC65 /* ActivityTypeModel.swift */ = {isa = PBXFileReference; lastKnownFileType = sourcecode.swift; path = ActivityTypeModel.swift; sourceTree = "<group>"; };
		963971412069CF0300EFEC65 /* TestActivityTypeModelImplementation.swift */ = {isa = PBXFileReference; lastKnownFileType = sourcecode.swift; path = TestActivityTypeModelImplementation.swift; sourceTree = "<group>"; };
		963971452069D61600EFEC65 /* ActivityTypeVCPresenter.swift */ = {isa = PBXFileReference; lastKnownFileType = sourcecode.swift; path = ActivityTypeVCPresenter.swift; sourceTree = "<group>"; };
		963971472069DED900EFEC65 /* ActivityTypeDTO.swift */ = {isa = PBXFileReference; lastKnownFileType = sourcecode.swift; path = ActivityTypeDTO.swift; sourceTree = "<group>"; };
		963971492069EB2400EFEC65 /* ActivityTypeTranslationLayer.swift */ = {isa = PBXFileReference; lastKnownFileType = sourcecode.swift; path = ActivityTypeTranslationLayer.swift; sourceTree = "<group>"; };
		9639714B2069F4EA00EFEC65 /* TestActivityTypeTranslationLayer.swift */ = {isa = PBXFileReference; lastKnownFileType = sourcecode.swift; path = TestActivityTypeTranslationLayer.swift; sourceTree = "<group>"; };
		9668FAF7205CCFFE002AA9AA /* CoreData.swift */ = {isa = PBXFileReference; lastKnownFileType = sourcecode.swift; path = CoreData.swift; sourceTree = "<group>"; };
		9668FB0E205CDB62002AA9AA /* UserMO+CoreDataClass.swift */ = {isa = PBXFileReference; lastKnownFileType = sourcecode.swift; path = "UserMO+CoreDataClass.swift"; sourceTree = "<group>"; };
		9668FB0F205CDB62002AA9AA /* UserMO+CoreDataProperties.swift */ = {isa = PBXFileReference; lastKnownFileType = sourcecode.swift; path = "UserMO+CoreDataProperties.swift"; sourceTree = "<group>"; };
		9668FB12205CE164002AA9AA /* UserTranslationLayer.swift */ = {isa = PBXFileReference; lastKnownFileType = sourcecode.swift; path = UserTranslationLayer.swift; sourceTree = "<group>"; };
		9668FB14205CE208002AA9AA /* UserDTO.swift */ = {isa = PBXFileReference; lastKnownFileType = sourcecode.swift; path = UserDTO.swift; sourceTree = "<group>"; };
		9668FB16205CE3C6002AA9AA /* TranslationLayer.swift */ = {isa = PBXFileReference; lastKnownFileType = sourcecode.swift; path = TranslationLayer.swift; sourceTree = "<group>"; };
		96A59C242074D365007B6F6E /* dev.xcconfig */ = {isa = PBXFileReference; lastKnownFileType = text.xcconfig; path = dev.xcconfig; sourceTree = "<group>"; };
		96A59C252074D5B5007B6F6E /* shared.xcconfig */ = {isa = PBXFileReference; lastKnownFileType = text.xcconfig; path = shared.xcconfig; sourceTree = "<group>"; };
		96AF7055205F15F300B3ED4A /* Utilities.swift */ = {isa = PBXFileReference; lastKnownFileType = sourcecode.swift; path = Utilities.swift; sourceTree = "<group>"; };
		96B9BA03205A167E007A1027 /* DependencyRegistry.swift */ = {isa = PBXFileReference; lastKnownFileType = sourcecode.swift; path = DependencyRegistry.swift; sourceTree = "<group>"; };
		96B9BA07205A3058007A1027 /* UserModel.swift */ = {isa = PBXFileReference; lastKnownFileType = sourcecode.swift; path = UserModel.swift; sourceTree = "<group>"; };
		96C0207720630703002BC42C /* TestUserPresenter.swift */ = {isa = PBXFileReference; lastKnownFileType = sourcecode.swift; path = TestUserPresenter.swift; sourceTree = "<group>"; };
		96C0207A20630888002BC42C /* Aliases.swift */ = {isa = PBXFileReference; lastKnownFileType = sourcecode.swift; path = Aliases.swift; sourceTree = "<group>"; };
		96E97C5E2065FC41006150EF /* SwinjectStoryboard+Extension.swift */ = {isa = PBXFileReference; lastKnownFileType = sourcecode.swift; path = "SwinjectStoryboard+Extension.swift"; sourceTree = "<group>"; };
		96E97C612066129E006150EF /* ActivityTypeCVCell.swift */ = {isa = PBXFileReference; lastKnownFileType = sourcecode.swift; name = ActivityTypeCVCell.swift; path = LetsDoThis/ViewControllers/ActivityTypeCVCell.swift; sourceTree = "<group>"; };
		96E97C6320661BEF006150EF /* ActivityTypeVC.swift */ = {isa = PBXFileReference; lastKnownFileType = sourcecode.swift; name = ActivityTypeVC.swift; path = LetsDoThis/ViewControllers/ActivityTypeVC.swift; sourceTree = "<group>"; };
		96EB0B112061BA2300B0E48F /* UserModel.swift */ = {isa = PBXFileReference; lastKnownFileType = sourcecode.swift; path = UserModel.swift; sourceTree = "<group>"; };
		96EB0B142061E91700B0E48F /* UserPresenter.swift */ = {isa = PBXFileReference; lastKnownFileType = sourcecode.swift; path = UserPresenter.swift; sourceTree = "<group>"; };
		96EB0B162062088A00B0E48F /* GlobalVariables.swift */ = {isa = PBXFileReference; lastKnownFileType = sourcecode.swift; path = GlobalVariables.swift; sourceTree = "<group>"; };
		96EB0B182062093800B0E48F /* TestVariables.swift */ = {isa = PBXFileReference; lastKnownFileType = sourcecode.swift; path = TestVariables.swift; sourceTree = "<group>"; };
		96EB0B1B206212E600B0E48F /* ValidationTextField.swift */ = {isa = PBXFileReference; lastKnownFileType = sourcecode.swift; path = ValidationTextField.swift; sourceTree = "<group>"; };
		96EED627206C51DB00C15B53 /* ActivityTypeCVCellPresenter.swift */ = {isa = PBXFileReference; lastKnownFileType = sourcecode.swift; path = ActivityTypeCVCellPresenter.swift; sourceTree = "<group>"; };
		96EED62A206C632F00C15B53 /* GooglePlacesAPIManager.swift */ = {isa = PBXFileReference; lastKnownFileType = sourcecode.swift; path = GooglePlacesAPIManager.swift; sourceTree = "<group>"; };
		96EED62D206C709000C15B53 /* GooglePlacesAPIManagerImplementationTests.swift */ = {isa = PBXFileReference; lastKnownFileType = sourcecode.swift; path = GooglePlacesAPIManagerImplementationTests.swift; sourceTree = "<group>"; };
		B39F8BC029C19E6A6DABFFE0 /* Pods_LetsDoThis.framework */ = {isa = PBXFileReference; explicitFileType = wrapper.framework; includeInIndex = 0; path = Pods_LetsDoThis.framework; sourceTree = BUILT_PRODUCTS_DIR; };
		B834C8163340E9A6472CE431 /* Pods-LetsDoThisUITests.release.xcconfig */ = {isa = PBXFileReference; includeInIndex = 1; lastKnownFileType = text.xcconfig; name = "Pods-LetsDoThisUITests.release.xcconfig"; path = "Pods/Target Support Files/Pods-LetsDoThisUITests/Pods-LetsDoThisUITests.release.xcconfig"; sourceTree = "<group>"; };
		E65D06B1F37B63399FE41AA2 /* Pods-LetsDoThis-LetsDoThisTests.debug.xcconfig */ = {isa = PBXFileReference; includeInIndex = 1; lastKnownFileType = text.xcconfig; name = "Pods-LetsDoThis-LetsDoThisTests.debug.xcconfig"; path = "Pods/Target Support Files/Pods-LetsDoThis-LetsDoThisTests/Pods-LetsDoThis-LetsDoThisTests.debug.xcconfig"; sourceTree = "<group>"; };
		E67DE9C19837F3B47137CDE0 /* Pods-LetsDoThis.debug.xcconfig */ = {isa = PBXFileReference; includeInIndex = 1; lastKnownFileType = text.xcconfig; name = "Pods-LetsDoThis.debug.xcconfig"; path = "Pods/Target Support Files/Pods-LetsDoThis/Pods-LetsDoThis.debug.xcconfig"; sourceTree = "<group>"; };
/* End PBXFileReference section */

/* Begin PBXFrameworksBuildPhase section */
		96205DF120588D1100AA9996 /* Frameworks */ = {
			isa = PBXFrameworksBuildPhase;
			buildActionMask = 2147483647;
			files = (
				838084D3BAA60E91DBA1ED56 /* Pods_LetsDoThis.framework in Frameworks */,
			);
			runOnlyForDeploymentPostprocessing = 0;
		};
		96205E0820588D1100AA9996 /* Frameworks */ = {
			isa = PBXFrameworksBuildPhase;
			buildActionMask = 2147483647;
			files = (
				96205E2C2058A64600AA9996 /* Nimble.framework in Frameworks */,
				96205E2A2058A63600AA9996 /* Quick.framework in Frameworks */,
				857C433AB3F595648DB6DB36 /* Pods_LetsDoThisTests.framework in Frameworks */,
				EEE67B3888F21EE2E0779377 /* Pods_LetsDoThis_LetsDoThisTests.framework in Frameworks */,
			);
			runOnlyForDeploymentPostprocessing = 0;
		};
		96205E1320588D1100AA9996 /* Frameworks */ = {
			isa = PBXFrameworksBuildPhase;
			buildActionMask = 2147483647;
			files = (
				0B8B37C75FE442AA081BFA75 /* Pods_LetsDoThisUITests.framework in Frameworks */,
				008BBB4E9E03B2D141685EE7 /* Pods_LetsDoThis_LetsDoThisUITests.framework in Frameworks */,
			);
			runOnlyForDeploymentPostprocessing = 0;
		};
/* End PBXFrameworksBuildPhase section */

/* Begin PBXGroup section */
		4424A013C73063A203AAC7D7 /* Frameworks */ = {
			isa = PBXGroup;
			children = (
				96205E2D2058A64600AA9996 /* Nimble.framework */,
				96205E2B2058A63600AA9996 /* Quick.framework */,
				B39F8BC029C19E6A6DABFFE0 /* Pods_LetsDoThis.framework */,
				70ECA5BF7863FEA69CBE2209 /* Pods_LetsDoThisTests.framework */,
				8346540E63892C9C219F44B6 /* Pods_LetsDoThisUITests.framework */,
				34DC1E756D2613382402B2D5 /* Pods_LetsDoThis_LetsDoThisTests.framework */,
				7B015BA03B2A697F1D5685CD /* Pods_LetsDoThis_LetsDoThisUITests.framework */,
			);
			name = Frameworks;
			sourceTree = "<group>";
		};
		960B4A9C205B65970054D30F /* CoreData */ = {
			isa = PBXGroup;
			children = (
				9668FAF9205CD2E9002AA9AA /* Entities */,
				960B4A9D205B67800054D30F /* CoreDataContainer.swift */,
			);
			path = CoreData;
			sourceTree = "<group>";
		};
		96205DEB20588D1100AA9996 = {
			isa = PBXGroup;
			children = (
				96205DF620588D1100AA9996 /* LetsDoThis */,
				96205E0E20588D1100AA9996 /* LetsDoThisTests */,
				96205E1920588D1100AA9996 /* LetsDoThisUITests */,
				96205DF520588D1100AA9996 /* Products */,
				BDF8A9995BED67AF385F6044 /* Pods */,
				4424A013C73063A203AAC7D7 /* Frameworks */,
			);
			sourceTree = "<group>";
		};
		96205DF520588D1100AA9996 /* Products */ = {
			isa = PBXGroup;
			children = (
				96205DF420588D1100AA9996 /* LetsDoThis.app */,
				96205E0B20588D1100AA9996 /* LetsDoThisTests.xctest */,
				96205E1620588D1100AA9996 /* LetsDoThisUITests.xctest */,
			);
			name = Products;
			sourceTree = "<group>";
		};
		96205DF620588D1100AA9996 /* LetsDoThis */ = {
			isa = PBXGroup;
			children = (
				96A59C232074D340007B6F6E /* Config Files */,
				96EED629206C631100C15B53 /* GoogleServices */,
				96E97C5B2065EF84006150EF /* ViewControllers */,
				96C0207920630855002BC42C /* Aliases */,
				96EB0B1A206212AF00B0E48F /* UIComponents */,
				96EB0B132061E8FC00B0E48F /* Presenter */,
				960B4A9C205B65970054D30F /* CoreData */,
				964ACCFF205A717A0042FDA8 /* TranslationLayer */,
				96B9BA06205A3001007A1027 /* Model */,
				96B9BA02205A165F007A1027 /* Dependency */,
				96205E2F2058AF7200AA9996 /* DTOs */,
				96205E2E2058AF6000AA9996 /* NetworkLayer */,
				96205DF720588D1100AA9996 /* AppDelegate.swift */,
				96234EAC206B3C660095BD8A /* activity-type.json */,
				96205DFB20588D1100AA9996 /* Main.storyboard */,
				96205E0120588D1100AA9996 /* Assets.xcassets */,
				96205E0320588D1100AA9996 /* LaunchScreen.storyboard */,
				96205E0620588D1100AA9996 /* Info.plist */,
				96205DFE20588D1100AA9996 /* LetsDoThis.xcdatamodeld */,
				96EB0B162062088A00B0E48F /* GlobalVariables.swift */,
			);
			path = LetsDoThis;
			sourceTree = "<group>";
		};
		96205E0E20588D1100AA9996 /* LetsDoThisTests */ = {
			isa = PBXGroup;
			children = (
				96EED62C206C707600C15B53 /* Google */,
				96205E0F20588D1100AA9996 /* LetsDoThisTests.swift */,
				96205E1120588D1100AA9996 /* Info.plist */,
				96205E282058A56A00AA9996 /* Login.swift */,
				9668FAF7205CCFFE002AA9AA /* CoreData.swift */,
				9668FB16205CE3C6002AA9AA /* TranslationLayer.swift */,
				96AF7055205F15F300B3ED4A /* Utilities.swift */,
				96EB0B112061BA2300B0E48F /* UserModel.swift */,
				96EB0B182062093800B0E48F /* TestVariables.swift */,
				96C0207720630703002BC42C /* TestUserPresenter.swift */,
				963971412069CF0300EFEC65 /* TestActivityTypeModelImplementation.swift */,
				9639714B2069F4EA00EFEC65 /* TestActivityTypeTranslationLayer.swift */,
				96234EAE206B3F5D0095BD8A /* ActivityTypeVCPresenterImplementationTests.swift */,
			);
			path = LetsDoThisTests;
			sourceTree = "<group>";
		};
		96205E1920588D1100AA9996 /* LetsDoThisUITests */ = {
			isa = PBXGroup;
			children = (
				96205E1A20588D1100AA9996 /* LetsDoThisUITests.swift */,
				96205E1C20588D1100AA9996 /* Info.plist */,
			);
			path = LetsDoThisUITests;
			sourceTree = "<group>";
		};
		96205E2E2058AF6000AA9996 /* NetworkLayer */ = {
			isa = PBXGroup;
			children = (
				96205E302058AF9600AA9996 /* LoginManager.swift */,
			);
			path = NetworkLayer;
			sourceTree = "<group>";
		};
		96205E2F2058AF7200AA9996 /* DTOs */ = {
			isa = PBXGroup;
			children = (
				9668FB14205CE208002AA9AA /* UserDTO.swift */,
				963971472069DED900EFEC65 /* ActivityTypeDTO.swift */,
			);
			path = DTOs;
			sourceTree = "<group>";
		};
		964ACCFF205A717A0042FDA8 /* TranslationLayer */ = {
			isa = PBXGroup;
			children = (
				9668FB12205CE164002AA9AA /* UserTranslationLayer.swift */,
				963971492069EB2400EFEC65 /* ActivityTypeTranslationLayer.swift */,
			);
			path = TranslationLayer;
			sourceTree = "<group>";
		};
		9668FAF9205CD2E9002AA9AA /* Entities */ = {
			isa = PBXGroup;
			children = (
				9668FB0E205CDB62002AA9AA /* UserMO+CoreDataClass.swift */,
				9668FB0F205CDB62002AA9AA /* UserMO+CoreDataProperties.swift */,
			);
			path = Entities;
			sourceTree = "<group>";
		};
		96A59C232074D340007B6F6E /* Config Files */ = {
			isa = PBXGroup;
			children = (
				96A59C242074D365007B6F6E /* dev.xcconfig */,
				96A59C252074D5B5007B6F6E /* shared.xcconfig */,
			);
			path = "Config Files";
			sourceTree = "<group>";
		};
		96B9BA02205A165F007A1027 /* Dependency */ = {
			isa = PBXGroup;
			children = (
				96B9BA03205A167E007A1027 /* DependencyRegistry.swift */,
				96E97C5E2065FC41006150EF /* SwinjectStoryboard+Extension.swift */,
			);
			path = Dependency;
			sourceTree = "<group>";
		};
		96B9BA06205A3001007A1027 /* Model */ = {
			isa = PBXGroup;
			children = (
				96B9BA07205A3058007A1027 /* UserModel.swift */,
				9639713F2069BC3300EFEC65 /* ActivityTypeModel.swift */,
			);
			path = Model;
			sourceTree = "<group>";
		};
		96C0207920630855002BC42C /* Aliases */ = {
			isa = PBXGroup;
			children = (
				96C0207A20630888002BC42C /* Aliases.swift */,
			);
			path = Aliases;
			sourceTree = "<group>";
		};
		96E97C5B2065EF84006150EF /* ViewControllers */ = {
			isa = PBXGroup;
			children = (
				96E97C6020661248006150EF /* ActivityTypeCollectionView */,
			);
			path = ViewControllers;
			sourceTree = "<group>";
		};
		96E97C6020661248006150EF /* ActivityTypeCollectionView */ = {
			isa = PBXGroup;
			children = (
				96E97C612066129E006150EF /* ActivityTypeCVCell.swift */,
				96E97C6320661BEF006150EF /* ActivityTypeVC.swift */,
				962E7FE42072F84900F775CC /* ActivityTypeCVFlowLayout.swift */,
			);
			name = ActivityTypeCollectionView;
			path = ../..;
			sourceTree = "<group>";
		};
		96EB0B132061E8FC00B0E48F /* Presenter */ = {
			isa = PBXGroup;
			children = (
				96EB0B142061E91700B0E48F /* UserPresenter.swift */,
				963971452069D61600EFEC65 /* ActivityTypeVCPresenter.swift */,
				96EED627206C51DB00C15B53 /* ActivityTypeCVCellPresenter.swift */,
			);
			path = Presenter;
			sourceTree = "<group>";
		};
		96EB0B1A206212AF00B0E48F /* UIComponents */ = {
			isa = PBXGroup;
			children = (
				96EB0B1B206212E600B0E48F /* ValidationTextField.swift */,
			);
			path = UIComponents;
			sourceTree = "<group>";
		};
		96EED629206C631100C15B53 /* GoogleServices */ = {
			isa = PBXGroup;
			children = (
				96EED62A206C632F00C15B53 /* GooglePlacesAPIManager.swift */,
			);
			path = GoogleServices;
			sourceTree = "<group>";
		};
		96EED62C206C707600C15B53 /* Google */ = {
			isa = PBXGroup;
			children = (
				96EED62D206C709000C15B53 /* GooglePlacesAPIManagerImplementationTests.swift */,
			);
			path = Google;
			sourceTree = "<group>";
		};
		BDF8A9995BED67AF385F6044 /* Pods */ = {
			isa = PBXGroup;
			children = (
				E67DE9C19837F3B47137CDE0 /* Pods-LetsDoThis.debug.xcconfig */,
				273B18F05C58F70758B7F266 /* Pods-LetsDoThis.release.xcconfig */,
				3F3ECEA29E2CA4957F61ACAD /* Pods-LetsDoThisTests.debug.xcconfig */,
				69E9E8C58A0D8276ED20474C /* Pods-LetsDoThisTests.release.xcconfig */,
				4E5A7DE98971714110A12E46 /* Pods-LetsDoThisUITests.debug.xcconfig */,
				B834C8163340E9A6472CE431 /* Pods-LetsDoThisUITests.release.xcconfig */,
				E65D06B1F37B63399FE41AA2 /* Pods-LetsDoThis-LetsDoThisTests.debug.xcconfig */,
				824E24A9857A9EFEBCFD80D9 /* Pods-LetsDoThis-LetsDoThisTests.release.xcconfig */,
				36AA271A7FCBACC15C508D57 /* Pods-LetsDoThis-LetsDoThisUITests.debug.xcconfig */,
				330F17424021A45B25CE297F /* Pods-LetsDoThis-LetsDoThisUITests.release.xcconfig */,
			);
			name = Pods;
			sourceTree = "<group>";
		};
/* End PBXGroup section */

/* Begin PBXNativeTarget section */
		96205DF320588D1100AA9996 /* LetsDoThis */ = {
			isa = PBXNativeTarget;
			buildConfigurationList = 96205E1F20588D1100AA9996 /* Build configuration list for PBXNativeTarget "LetsDoThis" */;
			buildPhases = (
				0B90829B787F7FD154B0DFD6 /* [CP] Check Pods Manifest.lock */,
				96205DF020588D1100AA9996 /* Sources */,
				96205DF120588D1100AA9996 /* Frameworks */,
				96205DF220588D1100AA9996 /* Resources */,
				713E3F44FBF73D4EC96C2564 /* [CP] Embed Pods Frameworks */,
				98A198E1DA8FFD1351C63E9E /* [CP] Copy Pods Resources */,
			);
			buildRules = (
			);
			dependencies = (
			);
			name = LetsDoThis;
			productName = LetsDoThis;
			productReference = 96205DF420588D1100AA9996 /* LetsDoThis.app */;
			productType = "com.apple.product-type.application";
		};
		96205E0A20588D1100AA9996 /* LetsDoThisTests */ = {
			isa = PBXNativeTarget;
			buildConfigurationList = 96205E2220588D1100AA9996 /* Build configuration list for PBXNativeTarget "LetsDoThisTests" */;
			buildPhases = (
				BD37F5BB7662BD7BE95C12C9 /* [CP] Check Pods Manifest.lock */,
				96205E0720588D1100AA9996 /* Sources */,
				96205E0820588D1100AA9996 /* Frameworks */,
				96205E0920588D1100AA9996 /* Resources */,
				86D8950260E8771A21CECED9 /* [CP] Embed Pods Frameworks */,
				F01743FF9650D0756B03B195 /* [CP] Copy Pods Resources */,
			);
			buildRules = (
			);
			dependencies = (
				96205E0D20588D1100AA9996 /* PBXTargetDependency */,
			);
			name = LetsDoThisTests;
			productName = LetsDoThisTests;
			productReference = 96205E0B20588D1100AA9996 /* LetsDoThisTests.xctest */;
			productType = "com.apple.product-type.bundle.unit-test";
		};
		96205E1520588D1100AA9996 /* LetsDoThisUITests */ = {
			isa = PBXNativeTarget;
			buildConfigurationList = 96205E2520588D1100AA9996 /* Build configuration list for PBXNativeTarget "LetsDoThisUITests" */;
			buildPhases = (
				044C17A26E84F3FCB91F8044 /* [CP] Check Pods Manifest.lock */,
				96205E1220588D1100AA9996 /* Sources */,
				96205E1320588D1100AA9996 /* Frameworks */,
				96205E1420588D1100AA9996 /* Resources */,
				EF2BB669B0960B5E6127F044 /* [CP] Embed Pods Frameworks */,
				513E76501905AE569CA3FA8E /* [CP] Copy Pods Resources */,
			);
			buildRules = (
			);
			dependencies = (
				96205E1820588D1100AA9996 /* PBXTargetDependency */,
			);
			name = LetsDoThisUITests;
			productName = LetsDoThisUITests;
			productReference = 96205E1620588D1100AA9996 /* LetsDoThisUITests.xctest */;
			productType = "com.apple.product-type.bundle.ui-testing";
		};
/* End PBXNativeTarget section */

/* Begin PBXProject section */
		96205DEC20588D1100AA9996 /* Project object */ = {
			isa = PBXProject;
			attributes = {
				LastSwiftUpdateCheck = 0920;
				LastUpgradeCheck = 0920;
				ORGANIZATIONNAME = "Patrick Gao";
				TargetAttributes = {
					96205DF320588D1100AA9996 = {
						CreatedOnToolsVersion = 9.2;
						ProvisioningStyle = Automatic;
					};
					96205E0A20588D1100AA9996 = {
						CreatedOnToolsVersion = 9.2;
						ProvisioningStyle = Automatic;
						TestTargetID = 96205DF320588D1100AA9996;
					};
					96205E1520588D1100AA9996 = {
						CreatedOnToolsVersion = 9.2;
						ProvisioningStyle = Automatic;
						TestTargetID = 96205DF320588D1100AA9996;
					};
				};
			};
			buildConfigurationList = 96205DEF20588D1100AA9996 /* Build configuration list for PBXProject "LetsDoThis" */;
			compatibilityVersion = "Xcode 8.0";
			developmentRegion = en;
			hasScannedForEncodings = 0;
			knownRegions = (
				en,
				Base,
			);
			mainGroup = 96205DEB20588D1100AA9996;
			productRefGroup = 96205DF520588D1100AA9996 /* Products */;
			projectDirPath = "";
			projectRoot = "";
			targets = (
				96205DF320588D1100AA9996 /* LetsDoThis */,
				96205E0A20588D1100AA9996 /* LetsDoThisTests */,
				96205E1520588D1100AA9996 /* LetsDoThisUITests */,
			);
		};
/* End PBXProject section */

/* Begin PBXResourcesBuildPhase section */
		96205DF220588D1100AA9996 /* Resources */ = {
			isa = PBXResourcesBuildPhase;
			buildActionMask = 2147483647;
			files = (
				96205E0520588D1100AA9996 /* LaunchScreen.storyboard in Resources */,
				96205E0220588D1100AA9996 /* Assets.xcassets in Resources */,
				96234EAD206B3C660095BD8A /* activity-type.json in Resources */,
				96205DFD20588D1100AA9996 /* Main.storyboard in Resources */,
			);
			runOnlyForDeploymentPostprocessing = 0;
		};
		96205E0920588D1100AA9996 /* Resources */ = {
			isa = PBXResourcesBuildPhase;
			buildActionMask = 2147483647;
			files = (
			);
			runOnlyForDeploymentPostprocessing = 0;
		};
		96205E1420588D1100AA9996 /* Resources */ = {
			isa = PBXResourcesBuildPhase;
			buildActionMask = 2147483647;
			files = (
			);
			runOnlyForDeploymentPostprocessing = 0;
		};
/* End PBXResourcesBuildPhase section */

/* Begin PBXShellScriptBuildPhase section */
		044C17A26E84F3FCB91F8044 /* [CP] Check Pods Manifest.lock */ = {
			isa = PBXShellScriptBuildPhase;
			buildActionMask = 2147483647;
			files = (
			);
			inputPaths = (
				"${PODS_PODFILE_DIR_PATH}/Podfile.lock",
				"${PODS_ROOT}/Manifest.lock",
			);
			name = "[CP] Check Pods Manifest.lock";
			outputPaths = (
				"$(DERIVED_FILE_DIR)/Pods-LetsDoThis-LetsDoThisUITests-checkManifestLockResult.txt",
			);
			runOnlyForDeploymentPostprocessing = 0;
			shellPath = /bin/sh;
			shellScript = "diff \"${PODS_PODFILE_DIR_PATH}/Podfile.lock\" \"${PODS_ROOT}/Manifest.lock\" > /dev/null\nif [ $? != 0 ] ; then\n    # print error to STDERR\n    echo \"error: The sandbox is not in sync with the Podfile.lock. Run 'pod install' or update your CocoaPods installation.\" >&2\n    exit 1\nfi\n# This output is used by Xcode 'outputs' to avoid re-running this script phase.\necho \"SUCCESS\" > \"${SCRIPT_OUTPUT_FILE_0}\"\n";
			showEnvVarsInLog = 0;
		};
		0B90829B787F7FD154B0DFD6 /* [CP] Check Pods Manifest.lock */ = {
			isa = PBXShellScriptBuildPhase;
			buildActionMask = 2147483647;
			files = (
			);
			inputPaths = (
				"${PODS_PODFILE_DIR_PATH}/Podfile.lock",
				"${PODS_ROOT}/Manifest.lock",
			);
			name = "[CP] Check Pods Manifest.lock";
			outputPaths = (
				"$(DERIVED_FILE_DIR)/Pods-LetsDoThis-checkManifestLockResult.txt",
			);
			runOnlyForDeploymentPostprocessing = 0;
			shellPath = /bin/sh;
			shellScript = "diff \"${PODS_PODFILE_DIR_PATH}/Podfile.lock\" \"${PODS_ROOT}/Manifest.lock\" > /dev/null\nif [ $? != 0 ] ; then\n    # print error to STDERR\n    echo \"error: The sandbox is not in sync with the Podfile.lock. Run 'pod install' or update your CocoaPods installation.\" >&2\n    exit 1\nfi\n# This output is used by Xcode 'outputs' to avoid re-running this script phase.\necho \"SUCCESS\" > \"${SCRIPT_OUTPUT_FILE_0}\"\n";
			showEnvVarsInLog = 0;
		};
		513E76501905AE569CA3FA8E /* [CP] Copy Pods Resources */ = {
			isa = PBXShellScriptBuildPhase;
			buildActionMask = 2147483647;
			files = (
			);
			inputPaths = (
				"${SRCROOT}/Pods/Target Support Files/Pods-LetsDoThis-LetsDoThisUITests/Pods-LetsDoThis-LetsDoThisUITests-resources.sh",
				"${PODS_ROOT}/GoogleMaps/Maps/Frameworks/GoogleMaps.framework/Resources/GoogleMaps.bundle",
				"${PODS_ROOT}/GooglePlacePicker/Frameworks/GooglePlacePicker.framework/Resources/GooglePlacePicker.bundle",
				"${PODS_ROOT}/GooglePlaces/Frameworks/GooglePlaces.framework/Resources/GooglePlaces.bundle",
			);
			name = "[CP] Copy Pods Resources";
			outputPaths = (
				"${TARGET_BUILD_DIR}/${UNLOCALIZED_RESOURCES_FOLDER_PATH}/GoogleMaps.bundle",
				"${TARGET_BUILD_DIR}/${UNLOCALIZED_RESOURCES_FOLDER_PATH}/GooglePlacePicker.bundle",
				"${TARGET_BUILD_DIR}/${UNLOCALIZED_RESOURCES_FOLDER_PATH}/GooglePlaces.bundle",
			);
			runOnlyForDeploymentPostprocessing = 0;
			shellPath = /bin/sh;
			shellScript = "\"${SRCROOT}/Pods/Target Support Files/Pods-LetsDoThis-LetsDoThisUITests/Pods-LetsDoThis-LetsDoThisUITests-resources.sh\"\n";
			showEnvVarsInLog = 0;
		};
		713E3F44FBF73D4EC96C2564 /* [CP] Embed Pods Frameworks */ = {
			isa = PBXShellScriptBuildPhase;
			buildActionMask = 2147483647;
			files = (
			);
			inputPaths = (
				"${SRCROOT}/Pods/Target Support Files/Pods-LetsDoThis/Pods-LetsDoThis-frameworks.sh",
				"${BUILT_PRODUCTS_DIR}/Alamofire/Alamofire.framework",
				"${BUILT_PRODUCTS_DIR}/RxAlamofire/RxAlamofire.framework",
				"${BUILT_PRODUCTS_DIR}/RxCocoa/RxCocoa.framework",
				"${BUILT_PRODUCTS_DIR}/RxSwift/RxSwift.framework",
				"${BUILT_PRODUCTS_DIR}/SwiftyJSON/SwiftyJSON.framework",
				"${BUILT_PRODUCTS_DIR}/Swinject/Swinject.framework",
				"${BUILT_PRODUCTS_DIR}/SwinjectStoryboard/SwinjectStoryboard.framework",
			);
			name = "[CP] Embed Pods Frameworks";
			outputPaths = (
				"${TARGET_BUILD_DIR}/${FRAMEWORKS_FOLDER_PATH}/Alamofire.framework",
				"${TARGET_BUILD_DIR}/${FRAMEWORKS_FOLDER_PATH}/RxAlamofire.framework",
				"${TARGET_BUILD_DIR}/${FRAMEWORKS_FOLDER_PATH}/RxCocoa.framework",
				"${TARGET_BUILD_DIR}/${FRAMEWORKS_FOLDER_PATH}/RxSwift.framework",
				"${TARGET_BUILD_DIR}/${FRAMEWORKS_FOLDER_PATH}/SwiftyJSON.framework",
				"${TARGET_BUILD_DIR}/${FRAMEWORKS_FOLDER_PATH}/Swinject.framework",
				"${TARGET_BUILD_DIR}/${FRAMEWORKS_FOLDER_PATH}/SwinjectStoryboard.framework",
			);
			runOnlyForDeploymentPostprocessing = 0;
			shellPath = /bin/sh;
			shellScript = "\"${SRCROOT}/Pods/Target Support Files/Pods-LetsDoThis/Pods-LetsDoThis-frameworks.sh\"\n";
			showEnvVarsInLog = 0;
		};
		86D8950260E8771A21CECED9 /* [CP] Embed Pods Frameworks */ = {
			isa = PBXShellScriptBuildPhase;
			buildActionMask = 2147483647;
			files = (
			);
			inputPaths = (
				"${SRCROOT}/Pods/Target Support Files/Pods-LetsDoThis-LetsDoThisTests/Pods-LetsDoThis-LetsDoThisTests-frameworks.sh",
				"${BUILT_PRODUCTS_DIR}/Alamofire/Alamofire.framework",
				"${BUILT_PRODUCTS_DIR}/RxAlamofire/RxAlamofire.framework",
				"${BUILT_PRODUCTS_DIR}/RxCocoa/RxCocoa.framework",
				"${BUILT_PRODUCTS_DIR}/RxSwift/RxSwift.framework",
				"${BUILT_PRODUCTS_DIR}/SwiftyJSON/SwiftyJSON.framework",
				"${BUILT_PRODUCTS_DIR}/Swinject/Swinject.framework",
				"${BUILT_PRODUCTS_DIR}/SwinjectStoryboard/SwinjectStoryboard.framework",
				"${BUILT_PRODUCTS_DIR}/Nimble/Nimble.framework",
				"${BUILT_PRODUCTS_DIR}/Quick/Quick.framework",
			);
			name = "[CP] Embed Pods Frameworks";
			outputPaths = (
				"${TARGET_BUILD_DIR}/${FRAMEWORKS_FOLDER_PATH}/Alamofire.framework",
				"${TARGET_BUILD_DIR}/${FRAMEWORKS_FOLDER_PATH}/RxAlamofire.framework",
				"${TARGET_BUILD_DIR}/${FRAMEWORKS_FOLDER_PATH}/RxCocoa.framework",
				"${TARGET_BUILD_DIR}/${FRAMEWORKS_FOLDER_PATH}/RxSwift.framework",
				"${TARGET_BUILD_DIR}/${FRAMEWORKS_FOLDER_PATH}/SwiftyJSON.framework",
				"${TARGET_BUILD_DIR}/${FRAMEWORKS_FOLDER_PATH}/Swinject.framework",
				"${TARGET_BUILD_DIR}/${FRAMEWORKS_FOLDER_PATH}/SwinjectStoryboard.framework",
				"${TARGET_BUILD_DIR}/${FRAMEWORKS_FOLDER_PATH}/Nimble.framework",
				"${TARGET_BUILD_DIR}/${FRAMEWORKS_FOLDER_PATH}/Quick.framework",
			);
			runOnlyForDeploymentPostprocessing = 0;
			shellPath = /bin/sh;
			shellScript = "\"${SRCROOT}/Pods/Target Support Files/Pods-LetsDoThis-LetsDoThisTests/Pods-LetsDoThis-LetsDoThisTests-frameworks.sh\"\n";
			showEnvVarsInLog = 0;
		};
		98A198E1DA8FFD1351C63E9E /* [CP] Copy Pods Resources */ = {
			isa = PBXShellScriptBuildPhase;
			buildActionMask = 2147483647;
			files = (
			);
			inputPaths = (
				"${SRCROOT}/Pods/Target Support Files/Pods-LetsDoThis/Pods-LetsDoThis-resources.sh",
				"${PODS_ROOT}/GoogleMaps/Maps/Frameworks/GoogleMaps.framework/Resources/GoogleMaps.bundle",
				"${PODS_ROOT}/GooglePlacePicker/Frameworks/GooglePlacePicker.framework/Resources/GooglePlacePicker.bundle",
				"${PODS_ROOT}/GooglePlaces/Frameworks/GooglePlaces.framework/Resources/GooglePlaces.bundle",
			);
			name = "[CP] Copy Pods Resources";
			outputPaths = (
				"${TARGET_BUILD_DIR}/${UNLOCALIZED_RESOURCES_FOLDER_PATH}/GoogleMaps.bundle",
				"${TARGET_BUILD_DIR}/${UNLOCALIZED_RESOURCES_FOLDER_PATH}/GooglePlacePicker.bundle",
				"${TARGET_BUILD_DIR}/${UNLOCALIZED_RESOURCES_FOLDER_PATH}/GooglePlaces.bundle",
			);
			runOnlyForDeploymentPostprocessing = 0;
			shellPath = /bin/sh;
			shellScript = "\"${SRCROOT}/Pods/Target Support Files/Pods-LetsDoThis/Pods-LetsDoThis-resources.sh\"\n";
			showEnvVarsInLog = 0;
		};
		BD37F5BB7662BD7BE95C12C9 /* [CP] Check Pods Manifest.lock */ = {
			isa = PBXShellScriptBuildPhase;
			buildActionMask = 2147483647;
			files = (
			);
			inputPaths = (
				"${PODS_PODFILE_DIR_PATH}/Podfile.lock",
				"${PODS_ROOT}/Manifest.lock",
			);
			name = "[CP] Check Pods Manifest.lock";
			outputPaths = (
				"$(DERIVED_FILE_DIR)/Pods-LetsDoThis-LetsDoThisTests-checkManifestLockResult.txt",
			);
			runOnlyForDeploymentPostprocessing = 0;
			shellPath = /bin/sh;
			shellScript = "diff \"${PODS_PODFILE_DIR_PATH}/Podfile.lock\" \"${PODS_ROOT}/Manifest.lock\" > /dev/null\nif [ $? != 0 ] ; then\n    # print error to STDERR\n    echo \"error: The sandbox is not in sync with the Podfile.lock. Run 'pod install' or update your CocoaPods installation.\" >&2\n    exit 1\nfi\n# This output is used by Xcode 'outputs' to avoid re-running this script phase.\necho \"SUCCESS\" > \"${SCRIPT_OUTPUT_FILE_0}\"\n";
			showEnvVarsInLog = 0;
		};
		EF2BB669B0960B5E6127F044 /* [CP] Embed Pods Frameworks */ = {
			isa = PBXShellScriptBuildPhase;
			buildActionMask = 2147483647;
			files = (
			);
			inputPaths = (
				"${SRCROOT}/Pods/Target Support Files/Pods-LetsDoThis-LetsDoThisUITests/Pods-LetsDoThis-LetsDoThisUITests-frameworks.sh",
				"${BUILT_PRODUCTS_DIR}/Alamofire/Alamofire.framework",
				"${BUILT_PRODUCTS_DIR}/RxAlamofire/RxAlamofire.framework",
				"${BUILT_PRODUCTS_DIR}/RxCocoa/RxCocoa.framework",
				"${BUILT_PRODUCTS_DIR}/RxSwift/RxSwift.framework",
				"${BUILT_PRODUCTS_DIR}/SwiftyJSON/SwiftyJSON.framework",
				"${BUILT_PRODUCTS_DIR}/Swinject/Swinject.framework",
				"${BUILT_PRODUCTS_DIR}/SwinjectStoryboard/SwinjectStoryboard.framework",
				"${BUILT_PRODUCTS_DIR}/Nimble/Nimble.framework",
				"${BUILT_PRODUCTS_DIR}/Quick/Quick.framework",
			);
			name = "[CP] Embed Pods Frameworks";
			outputPaths = (
				"${TARGET_BUILD_DIR}/${FRAMEWORKS_FOLDER_PATH}/Alamofire.framework",
				"${TARGET_BUILD_DIR}/${FRAMEWORKS_FOLDER_PATH}/RxAlamofire.framework",
				"${TARGET_BUILD_DIR}/${FRAMEWORKS_FOLDER_PATH}/RxCocoa.framework",
				"${TARGET_BUILD_DIR}/${FRAMEWORKS_FOLDER_PATH}/RxSwift.framework",
				"${TARGET_BUILD_DIR}/${FRAMEWORKS_FOLDER_PATH}/SwiftyJSON.framework",
				"${TARGET_BUILD_DIR}/${FRAMEWORKS_FOLDER_PATH}/Swinject.framework",
				"${TARGET_BUILD_DIR}/${FRAMEWORKS_FOLDER_PATH}/SwinjectStoryboard.framework",
				"${TARGET_BUILD_DIR}/${FRAMEWORKS_FOLDER_PATH}/Nimble.framework",
				"${TARGET_BUILD_DIR}/${FRAMEWORKS_FOLDER_PATH}/Quick.framework",
			);
			runOnlyForDeploymentPostprocessing = 0;
			shellPath = /bin/sh;
			shellScript = "\"${SRCROOT}/Pods/Target Support Files/Pods-LetsDoThis-LetsDoThisUITests/Pods-LetsDoThis-LetsDoThisUITests-frameworks.sh\"\n";
			showEnvVarsInLog = 0;
		};
		F01743FF9650D0756B03B195 /* [CP] Copy Pods Resources */ = {
			isa = PBXShellScriptBuildPhase;
			buildActionMask = 2147483647;
			files = (
			);
			inputPaths = (
				"${SRCROOT}/Pods/Target Support Files/Pods-LetsDoThis-LetsDoThisTests/Pods-LetsDoThis-LetsDoThisTests-resources.sh",
				"${PODS_ROOT}/GoogleMaps/Maps/Frameworks/GoogleMaps.framework/Resources/GoogleMaps.bundle",
				"${PODS_ROOT}/GooglePlacePicker/Frameworks/GooglePlacePicker.framework/Resources/GooglePlacePicker.bundle",
				"${PODS_ROOT}/GooglePlaces/Frameworks/GooglePlaces.framework/Resources/GooglePlaces.bundle",
			);
			name = "[CP] Copy Pods Resources";
			outputPaths = (
				"${TARGET_BUILD_DIR}/${UNLOCALIZED_RESOURCES_FOLDER_PATH}/GoogleMaps.bundle",
				"${TARGET_BUILD_DIR}/${UNLOCALIZED_RESOURCES_FOLDER_PATH}/GooglePlacePicker.bundle",
				"${TARGET_BUILD_DIR}/${UNLOCALIZED_RESOURCES_FOLDER_PATH}/GooglePlaces.bundle",
			);
			runOnlyForDeploymentPostprocessing = 0;
			shellPath = /bin/sh;
			shellScript = "\"${SRCROOT}/Pods/Target Support Files/Pods-LetsDoThis-LetsDoThisTests/Pods-LetsDoThis-LetsDoThisTests-resources.sh\"\n";
			showEnvVarsInLog = 0;
		};
/* End PBXShellScriptBuildPhase section */

/* Begin PBXSourcesBuildPhase section */
		96205DF020588D1100AA9996 /* Sources */ = {
			isa = PBXSourcesBuildPhase;
			buildActionMask = 2147483647;
			files = (
				9639714A2069EB2400EFEC65 /* ActivityTypeTranslationLayer.swift in Sources */,
				96205DF820588D1100AA9996 /* AppDelegate.swift in Sources */,
				96E97C6420661BEF006150EF /* ActivityTypeVC.swift in Sources */,
				96B9BA04205A167E007A1027 /* DependencyRegistry.swift in Sources */,
				96E97C5F2065FC41006150EF /* SwinjectStoryboard+Extension.swift in Sources */,
				963971462069D61600EFEC65 /* ActivityTypeVCPresenter.swift in Sources */,
				9668FB15205CE208002AA9AA /* UserDTO.swift in Sources */,
				962E7FE52072F84900F775CC /* ActivityTypeCVFlowLayout.swift in Sources */,
				96EB0B172062088A00B0E48F /* GlobalVariables.swift in Sources */,
				96EED62B206C632F00C15B53 /* GooglePlacesAPIManager.swift in Sources */,
				96EED628206C51DB00C15B53 /* ActivityTypeCVCellPresenter.swift in Sources */,
				96C0207B20630888002BC42C /* Aliases.swift in Sources */,
				960B4A9E205B67800054D30F /* CoreDataContainer.swift in Sources */,
				9668FB10205CDB62002AA9AA /* UserMO+CoreDataClass.swift in Sources */,
				963971482069DED900EFEC65 /* ActivityTypeDTO.swift in Sources */,
				96B9BA08205A3058007A1027 /* UserModel.swift in Sources */,
				963971402069BC3300EFEC65 /* ActivityTypeModel.swift in Sources */,
				96EB0B1C206212E600B0E48F /* ValidationTextField.swift in Sources */,
				96205E0020588D1100AA9996 /* LetsDoThis.xcdatamodeld in Sources */,
				96E97C622066129E006150EF /* ActivityTypeCVCell.swift in Sources */,
				9668FB11205CDB62002AA9AA /* UserMO+CoreDataProperties.swift in Sources */,
				96EB0B152061E91700B0E48F /* UserPresenter.swift in Sources */,
				9668FB13205CE164002AA9AA /* UserTranslationLayer.swift in Sources */,
				96205E312058AF9600AA9996 /* LoginManager.swift in Sources */,
			);
			runOnlyForDeploymentPostprocessing = 0;
		};
		96205E0720588D1100AA9996 /* Sources */ = {
			isa = PBXSourcesBuildPhase;
			buildActionMask = 2147483647;
			files = (
				96234EAF206B3F5D0095BD8A /* ActivityTypeVCPresenterImplementationTests.swift in Sources */,
				96205E1020588D1100AA9996 /* LetsDoThisTests.swift in Sources */,
				96C0207820630703002BC42C /* TestUserPresenter.swift in Sources */,
				9668FB17205CE3C6002AA9AA /* TranslationLayer.swift in Sources */,
				9668FAF8205CCFFE002AA9AA /* CoreData.swift in Sources */,
				96EED62E206C709000C15B53 /* GooglePlacesAPIManagerImplementationTests.swift in Sources */,
				96AF7056205F15F300B3ED4A /* Utilities.swift in Sources */,
				96EB0B122061BA2300B0E48F /* UserModel.swift in Sources */,
				963971422069CF0300EFEC65 /* TestActivityTypeModelImplementation.swift in Sources */,
				96205E292058A56A00AA9996 /* Login.swift in Sources */,
				9639714C2069F4EA00EFEC65 /* TestActivityTypeTranslationLayer.swift in Sources */,
				96EB0B192062093800B0E48F /* TestVariables.swift in Sources */,
			);
			runOnlyForDeploymentPostprocessing = 0;
		};
		96205E1220588D1100AA9996 /* Sources */ = {
			isa = PBXSourcesBuildPhase;
			buildActionMask = 2147483647;
			files = (
				96205E1B20588D1100AA9996 /* LetsDoThisUITests.swift in Sources */,
			);
			runOnlyForDeploymentPostprocessing = 0;
		};
/* End PBXSourcesBuildPhase section */

/* Begin PBXTargetDependency section */
		96205E0D20588D1100AA9996 /* PBXTargetDependency */ = {
			isa = PBXTargetDependency;
			target = 96205DF320588D1100AA9996 /* LetsDoThis */;
			targetProxy = 96205E0C20588D1100AA9996 /* PBXContainerItemProxy */;
		};
		96205E1820588D1100AA9996 /* PBXTargetDependency */ = {
			isa = PBXTargetDependency;
			target = 96205DF320588D1100AA9996 /* LetsDoThis */;
			targetProxy = 96205E1720588D1100AA9996 /* PBXContainerItemProxy */;
		};
/* End PBXTargetDependency section */

/* Begin PBXVariantGroup section */
		96205DFB20588D1100AA9996 /* Main.storyboard */ = {
			isa = PBXVariantGroup;
			children = (
				96205DFC20588D1100AA9996 /* Base */,
			);
			name = Main.storyboard;
			sourceTree = "<group>";
		};
		96205E0320588D1100AA9996 /* LaunchScreen.storyboard */ = {
			isa = PBXVariantGroup;
			children = (
				96205E0420588D1100AA9996 /* Base */,
			);
			name = LaunchScreen.storyboard;
			sourceTree = "<group>";
		};
/* End PBXVariantGroup section */

/* Begin XCBuildConfiguration section */
		96205E1D20588D1100AA9996 /* Debug */ = {
			isa = XCBuildConfiguration;
			buildSettings = {
				ALWAYS_SEARCH_USER_PATHS = NO;
				CLANG_ANALYZER_NONNULL = YES;
				CLANG_ANALYZER_NUMBER_OBJECT_CONVERSION = YES_AGGRESSIVE;
				CLANG_CXX_LANGUAGE_STANDARD = "gnu++14";
				CLANG_CXX_LIBRARY = "libc++";
				CLANG_ENABLE_MODULES = YES;
				CLANG_ENABLE_OBJC_ARC = YES;
				CLANG_WARN_BLOCK_CAPTURE_AUTORELEASING = YES;
				CLANG_WARN_BOOL_CONVERSION = YES;
				CLANG_WARN_COMMA = YES;
				CLANG_WARN_CONSTANT_CONVERSION = YES;
				CLANG_WARN_DIRECT_OBJC_ISA_USAGE = YES_ERROR;
				CLANG_WARN_DOCUMENTATION_COMMENTS = YES;
				CLANG_WARN_EMPTY_BODY = YES;
				CLANG_WARN_ENUM_CONVERSION = YES;
				CLANG_WARN_INFINITE_RECURSION = YES;
				CLANG_WARN_INT_CONVERSION = YES;
				CLANG_WARN_NON_LITERAL_NULL_CONVERSION = YES;
				CLANG_WARN_OBJC_LITERAL_CONVERSION = YES;
				CLANG_WARN_OBJC_ROOT_CLASS = YES_ERROR;
				CLANG_WARN_RANGE_LOOP_ANALYSIS = YES;
				CLANG_WARN_STRICT_PROTOTYPES = YES;
				CLANG_WARN_SUSPICIOUS_MOVE = YES;
				CLANG_WARN_UNGUARDED_AVAILABILITY = YES_AGGRESSIVE;
				CLANG_WARN_UNREACHABLE_CODE = YES;
				CLANG_WARN__DUPLICATE_METHOD_MATCH = YES;
				CODE_SIGN_IDENTITY = "iPhone Developer";
				COPY_PHASE_STRIP = NO;
				DEBUG_INFORMATION_FORMAT = dwarf;
				ENABLE_STRICT_OBJC_MSGSEND = YES;
				ENABLE_TESTABILITY = YES;
				GCC_C_LANGUAGE_STANDARD = gnu11;
				GCC_DYNAMIC_NO_PIC = NO;
				GCC_NO_COMMON_BLOCKS = YES;
				GCC_OPTIMIZATION_LEVEL = 0;
				GCC_PREPROCESSOR_DEFINITIONS = (
					"DEBUG=1",
					"$(inherited)",
				);
				GCC_WARN_64_TO_32_BIT_CONVERSION = YES;
				GCC_WARN_ABOUT_RETURN_TYPE = YES_ERROR;
				GCC_WARN_UNDECLARED_SELECTOR = YES;
				GCC_WARN_UNINITIALIZED_AUTOS = YES_AGGRESSIVE;
				GCC_WARN_UNUSED_FUNCTION = YES;
				GCC_WARN_UNUSED_VARIABLE = YES;
				IPHONEOS_DEPLOYMENT_TARGET = 11.2;
				MTL_ENABLE_DEBUG_INFO = YES;
				ONLY_ACTIVE_ARCH = YES;
				SDKROOT = iphoneos;
				SWIFT_ACTIVE_COMPILATION_CONDITIONS = DEBUG;
				SWIFT_OPTIMIZATION_LEVEL = "-Onone";
			};
			name = Debug;
		};
		96205E1E20588D1100AA9996 /* Release */ = {
			isa = XCBuildConfiguration;
			buildSettings = {
				ALWAYS_SEARCH_USER_PATHS = NO;
				CLANG_ANALYZER_NONNULL = YES;
				CLANG_ANALYZER_NUMBER_OBJECT_CONVERSION = YES_AGGRESSIVE;
				CLANG_CXX_LANGUAGE_STANDARD = "gnu++14";
				CLANG_CXX_LIBRARY = "libc++";
				CLANG_ENABLE_MODULES = YES;
				CLANG_ENABLE_OBJC_ARC = YES;
				CLANG_WARN_BLOCK_CAPTURE_AUTORELEASING = YES;
				CLANG_WARN_BOOL_CONVERSION = YES;
				CLANG_WARN_COMMA = YES;
				CLANG_WARN_CONSTANT_CONVERSION = YES;
				CLANG_WARN_DIRECT_OBJC_ISA_USAGE = YES_ERROR;
				CLANG_WARN_DOCUMENTATION_COMMENTS = YES;
				CLANG_WARN_EMPTY_BODY = YES;
				CLANG_WARN_ENUM_CONVERSION = YES;
				CLANG_WARN_INFINITE_RECURSION = YES;
				CLANG_WARN_INT_CONVERSION = YES;
				CLANG_WARN_NON_LITERAL_NULL_CONVERSION = YES;
				CLANG_WARN_OBJC_LITERAL_CONVERSION = YES;
				CLANG_WARN_OBJC_ROOT_CLASS = YES_ERROR;
				CLANG_WARN_RANGE_LOOP_ANALYSIS = YES;
				CLANG_WARN_STRICT_PROTOTYPES = YES;
				CLANG_WARN_SUSPICIOUS_MOVE = YES;
				CLANG_WARN_UNGUARDED_AVAILABILITY = YES_AGGRESSIVE;
				CLANG_WARN_UNREACHABLE_CODE = YES;
				CLANG_WARN__DUPLICATE_METHOD_MATCH = YES;
				CODE_SIGN_IDENTITY = "iPhone Developer";
				COPY_PHASE_STRIP = NO;
				DEBUG_INFORMATION_FORMAT = "dwarf-with-dsym";
				ENABLE_NS_ASSERTIONS = NO;
				ENABLE_STRICT_OBJC_MSGSEND = YES;
				GCC_C_LANGUAGE_STANDARD = gnu11;
				GCC_NO_COMMON_BLOCKS = YES;
				GCC_WARN_64_TO_32_BIT_CONVERSION = YES;
				GCC_WARN_ABOUT_RETURN_TYPE = YES_ERROR;
				GCC_WARN_UNDECLARED_SELECTOR = YES;
				GCC_WARN_UNINITIALIZED_AUTOS = YES_AGGRESSIVE;
				GCC_WARN_UNUSED_FUNCTION = YES;
				GCC_WARN_UNUSED_VARIABLE = YES;
				IPHONEOS_DEPLOYMENT_TARGET = 11.2;
				MTL_ENABLE_DEBUG_INFO = NO;
				SDKROOT = iphoneos;
				SWIFT_OPTIMIZATION_LEVEL = "-Owholemodule";
				VALIDATE_PRODUCT = YES;
			};
			name = Release;
		};
		96205E2020588D1100AA9996 /* Debug */ = {
			isa = XCBuildConfiguration;
			baseConfigurationReference = E67DE9C19837F3B47137CDE0 /* Pods-LetsDoThis.debug.xcconfig */;
			buildSettings = {
				ASSETCATALOG_COMPILER_APPICON_NAME = AppIcon;
				CODE_SIGN_STYLE = Automatic;
				DEFINES_MODULE = YES;
				DEVELOPMENT_TEAM = 8387LU2S3Z;
				INFOPLIST_FILE = LetsDoThis/Info.plist;
				LD_RUNPATH_SEARCH_PATHS = "$(inherited) @executable_path/Frameworks";
				PRODUCT_BUNDLE_IDENTIFIER = au.com.patrickgao.LetsDoThis;
				PRODUCT_NAME = "$(TARGET_NAME)";
				SWIFT_VERSION = 4.0;
				TARGETED_DEVICE_FAMILY = "1,2";
			};
			name = Debug;
		};
		96205E2120588D1100AA9996 /* Release */ = {
			isa = XCBuildConfiguration;
			baseConfigurationReference = 273B18F05C58F70758B7F266 /* Pods-LetsDoThis.release.xcconfig */;
			buildSettings = {
				ASSETCATALOG_COMPILER_APPICON_NAME = AppIcon;
				CODE_SIGN_STYLE = Automatic;
				DEFINES_MODULE = YES;
				DEVELOPMENT_TEAM = 8387LU2S3Z;
				INFOPLIST_FILE = LetsDoThis/Info.plist;
				LD_RUNPATH_SEARCH_PATHS = "$(inherited) @executable_path/Frameworks";
				PRODUCT_BUNDLE_IDENTIFIER = au.com.patrickgao.LetsDoThis;
				PRODUCT_NAME = "$(TARGET_NAME)";
				SWIFT_VERSION = 4.0;
				TARGETED_DEVICE_FAMILY = "1,2";
			};
			name = Release;
		};
		96205E2320588D1100AA9996 /* Debug */ = {
			isa = XCBuildConfiguration;
			baseConfigurationReference = E65D06B1F37B63399FE41AA2 /* Pods-LetsDoThis-LetsDoThisTests.debug.xcconfig */;
			buildSettings = {
				ALWAYS_EMBED_SWIFT_STANDARD_LIBRARIES = YES;
				BUNDLE_LOADER = "$(TEST_HOST)";
				CODE_SIGN_STYLE = Automatic;
				DEVELOPMENT_TEAM = 8387LU2S3Z;
				INFOPLIST_FILE = LetsDoThisTests/Info.plist;
				LD_RUNPATH_SEARCH_PATHS = "$(inherited) @executable_path/Frameworks @loader_path/Frameworks";
				PRODUCT_BUNDLE_IDENTIFIER = au.com.patrickgao.LetsDoThisTests;
				PRODUCT_NAME = "$(TARGET_NAME)";
				SWIFT_VERSION = 4.0;
				TARGETED_DEVICE_FAMILY = "1,2";
				TEST_HOST = "$(BUILT_PRODUCTS_DIR)/LetsDoThis.app/LetsDoThis";
			};
			name = Debug;
		};
		96205E2420588D1100AA9996 /* Release */ = {
			isa = XCBuildConfiguration;
			baseConfigurationReference = 824E24A9857A9EFEBCFD80D9 /* Pods-LetsDoThis-LetsDoThisTests.release.xcconfig */;
			buildSettings = {
				ALWAYS_EMBED_SWIFT_STANDARD_LIBRARIES = YES;
				BUNDLE_LOADER = "$(TEST_HOST)";
				CODE_SIGN_STYLE = Automatic;
				DEVELOPMENT_TEAM = 8387LU2S3Z;
				INFOPLIST_FILE = LetsDoThisTests/Info.plist;
				LD_RUNPATH_SEARCH_PATHS = "$(inherited) @executable_path/Frameworks @loader_path/Frameworks";
				PRODUCT_BUNDLE_IDENTIFIER = au.com.patrickgao.LetsDoThisTests;
				PRODUCT_NAME = "$(TARGET_NAME)";
				SWIFT_VERSION = 4.0;
				TARGETED_DEVICE_FAMILY = "1,2";
				TEST_HOST = "$(BUILT_PRODUCTS_DIR)/LetsDoThis.app/LetsDoThis";
			};
			name = Release;
		};
		96205E2620588D1100AA9996 /* Debug */ = {
			isa = XCBuildConfiguration;
			baseConfigurationReference = 36AA271A7FCBACC15C508D57 /* Pods-LetsDoThis-LetsDoThisUITests.debug.xcconfig */;
			buildSettings = {
				ALWAYS_EMBED_SWIFT_STANDARD_LIBRARIES = YES;
				CODE_SIGN_STYLE = Automatic;
				DEVELOPMENT_TEAM = 8387LU2S3Z;
				INFOPLIST_FILE = LetsDoThisUITests/Info.plist;
				LD_RUNPATH_SEARCH_PATHS = "$(inherited) @executable_path/Frameworks @loader_path/Frameworks";
				PRODUCT_BUNDLE_IDENTIFIER = au.com.patrickgao.LetsDoThisUITests;
				PRODUCT_NAME = "$(TARGET_NAME)";
				SWIFT_VERSION = 4.0;
				TARGETED_DEVICE_FAMILY = "1,2";
				TEST_TARGET_NAME = LetsDoThis;
			};
			name = Debug;
		};
		96205E2720588D1100AA9996 /* Release */ = {
			isa = XCBuildConfiguration;
			baseConfigurationReference = 330F17424021A45B25CE297F /* Pods-LetsDoThis-LetsDoThisUITests.release.xcconfig */;
			buildSettings = {
				ALWAYS_EMBED_SWIFT_STANDARD_LIBRARIES = YES;
				CODE_SIGN_STYLE = Automatic;
				DEVELOPMENT_TEAM = 8387LU2S3Z;
				INFOPLIST_FILE = LetsDoThisUITests/Info.plist;
				LD_RUNPATH_SEARCH_PATHS = "$(inherited) @executable_path/Frameworks @loader_path/Frameworks";
				PRODUCT_BUNDLE_IDENTIFIER = au.com.patrickgao.LetsDoThisUITests;
				PRODUCT_NAME = "$(TARGET_NAME)";
				SWIFT_VERSION = 4.0;
				TARGETED_DEVICE_FAMILY = "1,2";
				TEST_TARGET_NAME = LetsDoThis;
			};
			name = Release;
		};
/* End XCBuildConfiguration section */

/* Begin XCConfigurationList section */
		96205DEF20588D1100AA9996 /* Build configuration list for PBXProject "LetsDoThis" */ = {
			isa = XCConfigurationList;
			buildConfigurations = (
				96205E1D20588D1100AA9996 /* Debug */,
				96205E1E20588D1100AA9996 /* Release */,
			);
			defaultConfigurationIsVisible = 0;
			defaultConfigurationName = Release;
		};
		96205E1F20588D1100AA9996 /* Build configuration list for PBXNativeTarget "LetsDoThis" */ = {
			isa = XCConfigurationList;
			buildConfigurations = (
				96205E2020588D1100AA9996 /* Debug */,
				96205E2120588D1100AA9996 /* Release */,
			);
			defaultConfigurationIsVisible = 0;
			defaultConfigurationName = Release;
		};
		96205E2220588D1100AA9996 /* Build configuration list for PBXNativeTarget "LetsDoThisTests" */ = {
			isa = XCConfigurationList;
			buildConfigurations = (
				96205E2320588D1100AA9996 /* Debug */,
				96205E2420588D1100AA9996 /* Release */,
			);
			defaultConfigurationIsVisible = 0;
			defaultConfigurationName = Release;
		};
		96205E2520588D1100AA9996 /* Build configuration list for PBXNativeTarget "LetsDoThisUITests" */ = {
			isa = XCConfigurationList;
			buildConfigurations = (
				96205E2620588D1100AA9996 /* Debug */,
				96205E2720588D1100AA9996 /* Release */,
			);
			defaultConfigurationIsVisible = 0;
			defaultConfigurationName = Release;
		};
/* End XCConfigurationList section */

/* Begin XCVersionGroup section */
		96205DFE20588D1100AA9996 /* LetsDoThis.xcdatamodeld */ = {
			isa = XCVersionGroup;
			children = (
				96205DFF20588D1100AA9996 /* LetsDoThis.xcdatamodel */,
			);
			currentVersion = 96205DFF20588D1100AA9996 /* LetsDoThis.xcdatamodel */;
			path = LetsDoThis.xcdatamodeld;
			sourceTree = "<group>";
			versionGroupType = wrapper.xcdatamodel;
		};
/* End XCVersionGroup section */
	};
	rootObject = 96205DEC20588D1100AA9996 /* Project object */;
}
